// !$*UTF8*$!
{
	archiveVersion = 1;
	classes = {
	};
	objectVersion = 56;
	objects = {

/* Begin PBXBuildFile section */
		EA14D19C297069A5003A4B03 /* Social_MediaApp.swift in Sources */ = {isa = PBXBuildFile; fileRef = EA14D19B297069A5003A4B03 /* Social_MediaApp.swift */; };
		EA14D19E297069A5003A4B03 /* ContentView.swift in Sources */ = {isa = PBXBuildFile; fileRef = EA14D19D297069A5003A4B03 /* ContentView.swift */; };
		EA14D1A0297069A6003A4B03 /* Assets.xcassets in Resources */ = {isa = PBXBuildFile; fileRef = EA14D19F297069A6003A4B03 /* Assets.xcassets */; };
		EA14D1A3297069A6003A4B03 /* Preview Assets.xcassets in Resources */ = {isa = PBXBuildFile; fileRef = EA14D1A2297069A6003A4B03 /* Preview Assets.xcassets */; };
		EA14D1AE29706A2F003A4B03 /* LoginView.swift in Sources */ = {isa = PBXBuildFile; fileRef = EA14D1AD29706A2F003A4B03 /* LoginView.swift */; };
		EA14D1B029706C5D003A4B03 /* GoogleService-Info.plist in Resources */ = {isa = PBXBuildFile; fileRef = EA14D1AF29706C5D003A4B03 /* GoogleService-Info.plist */; };
		EA7D87AD297082D900EC03DC /* RegisterView.swift in Sources */ = {isa = PBXBuildFile; fileRef = EA7D87AC297082D900EC03DC /* RegisterView.swift */; };
		EA7D87AF2970830700EC03DC /* LoginViewModel.swift in Sources */ = {isa = PBXBuildFile; fileRef = EA7D87AE2970830700EC03DC /* LoginViewModel.swift */; };
		EA7D87B12970831900EC03DC /* RegisterViewModel.swift in Sources */ = {isa = PBXBuildFile; fileRef = EA7D87B02970831900EC03DC /* RegisterViewModel.swift */; };
		EA7D87B4297083FC00EC03DC /* Extension+View.swift in Sources */ = {isa = PBXBuildFile; fileRef = EA7D87B3297083FC00EC03DC /* Extension+View.swift */; };
		EA7D87B82970901A00EC03DC /* FirebaseAnalytics in Frameworks */ = {isa = PBXBuildFile; productRef = EA7D87B72970901A00EC03DC /* FirebaseAnalytics */; };
		EA7D87BA2970901B00EC03DC /* FirebaseAuth in Frameworks */ = {isa = PBXBuildFile; productRef = EA7D87B92970901B00EC03DC /* FirebaseAuth */; };
		EA7D87BC2970901B00EC03DC /* FirebaseDatabase in Frameworks */ = {isa = PBXBuildFile; productRef = EA7D87BB2970901B00EC03DC /* FirebaseDatabase */; };
		EA7D87BE2970901B00EC03DC /* FirebaseFirestore in Frameworks */ = {isa = PBXBuildFile; productRef = EA7D87BD2970901B00EC03DC /* FirebaseFirestore */; };
		EA7D87C02970901B00EC03DC /* FirebaseStorage in Frameworks */ = {isa = PBXBuildFile; productRef = EA7D87BF2970901B00EC03DC /* FirebaseStorage */; };
		EA7D87C429709DA700EC03DC /* User.swift in Sources */ = {isa = PBXBuildFile; fileRef = EA7D87C329709DA700EC03DC /* User.swift */; };
		EA7D87C72970A1AA00EC03DC /* FirebaseFirestoreSwift in Frameworks */ = {isa = PBXBuildFile; productRef = EA7D87C62970A1AA00EC03DC /* FirebaseFirestoreSwift */; };
		EA7D87C92970ABD400EC03DC /* LoadingView.swift in Sources */ = {isa = PBXBuildFile; fileRef = EA7D87C82970ABD300EC03DC /* LoadingView.swift */; };
		EAC8D56A2971969C0020C679 /* MainView.swift in Sources */ = {isa = PBXBuildFile; fileRef = EAC8D5692971969C0020C679 /* MainView.swift */; };
		EAC8D56D297197AE0020C679 /* ProfileView.swift in Sources */ = {isa = PBXBuildFile; fileRef = EAC8D56C297197AE0020C679 /* ProfileView.swift */; };
		EAC8D5702971A82E0020C679 /* ReusableProfileContent.swift in Sources */ = {isa = PBXBuildFile; fileRef = EAC8D56F2971A82E0020C679 /* ReusableProfileContent.swift */; };
		EAC8D5782971AA150020C679 /* SDWebImageSwiftUI in Frameworks */ = {isa = PBXBuildFile; productRef = EAC8D5772971AA150020C679 /* SDWebImageSwiftUI */; };
		EAD98F2D2973FF9500A62C61 /* ProfileViewModel.swift in Sources */ = {isa = PBXBuildFile; fileRef = EAD98F2C2973FF9500A62C61 /* ProfileViewModel.swift */; };
		EAD98F2F297406A500A62C61 /* Post.swift in Sources */ = {isa = PBXBuildFile; fileRef = EAD98F2E297406A500A62C61 /* Post.swift */; };
		EAD98F312974072A00A62C61 /* CreateNewPost.swift in Sources */ = {isa = PBXBuildFile; fileRef = EAD98F302974072900A62C61 /* CreateNewPost.swift */; };
		EAD98F4F29743CD800A62C61 /* PostsView.swift in Sources */ = {isa = PBXBuildFile; fileRef = EAD98F4E29743CD800A62C61 /* PostsView.swift */; };
/* End PBXBuildFile section */

/* Begin PBXFileReference section */
		EA14D198297069A5003A4B03 /* Social-Media.app */ = {isa = PBXFileReference; explicitFileType = wrapper.application; includeInIndex = 0; path = "Social-Media.app"; sourceTree = BUILT_PRODUCTS_DIR; };
		EA14D19B297069A5003A4B03 /* Social_MediaApp.swift */ = {isa = PBXFileReference; lastKnownFileType = sourcecode.swift; path = Social_MediaApp.swift; sourceTree = "<group>"; };
		EA14D19D297069A5003A4B03 /* ContentView.swift */ = {isa = PBXFileReference; lastKnownFileType = sourcecode.swift; path = ContentView.swift; sourceTree = "<group>"; };
		EA14D19F297069A6003A4B03 /* Assets.xcassets */ = {isa = PBXFileReference; lastKnownFileType = folder.assetcatalog; path = Assets.xcassets; sourceTree = "<group>"; };
		EA14D1A2297069A6003A4B03 /* Preview Assets.xcassets */ = {isa = PBXFileReference; lastKnownFileType = folder.assetcatalog; path = "Preview Assets.xcassets"; sourceTree = "<group>"; };
		EA14D1AD29706A2F003A4B03 /* LoginView.swift */ = {isa = PBXFileReference; lastKnownFileType = sourcecode.swift; path = LoginView.swift; sourceTree = "<group>"; };
		EA14D1AF29706C5D003A4B03 /* GoogleService-Info.plist */ = {isa = PBXFileReference; fileEncoding = 4; lastKnownFileType = text.plist.xml; path = "GoogleService-Info.plist"; sourceTree = "<group>"; };
		EA7D87AC297082D900EC03DC /* RegisterView.swift */ = {isa = PBXFileReference; lastKnownFileType = sourcecode.swift; path = RegisterView.swift; sourceTree = "<group>"; };
		EA7D87AE2970830700EC03DC /* LoginViewModel.swift */ = {isa = PBXFileReference; lastKnownFileType = sourcecode.swift; path = LoginViewModel.swift; sourceTree = "<group>"; };
		EA7D87B02970831900EC03DC /* RegisterViewModel.swift */ = {isa = PBXFileReference; lastKnownFileType = sourcecode.swift; path = RegisterViewModel.swift; sourceTree = "<group>"; };
		EA7D87B3297083FC00EC03DC /* Extension+View.swift */ = {isa = PBXFileReference; lastKnownFileType = sourcecode.swift; path = "Extension+View.swift"; sourceTree = "<group>"; };
		EA7D87C329709DA700EC03DC /* User.swift */ = {isa = PBXFileReference; lastKnownFileType = sourcecode.swift; path = User.swift; sourceTree = "<group>"; };
		EA7D87C82970ABD300EC03DC /* LoadingView.swift */ = {isa = PBXFileReference; lastKnownFileType = sourcecode.swift; path = LoadingView.swift; sourceTree = "<group>"; };
		EAC8D5692971969C0020C679 /* MainView.swift */ = {isa = PBXFileReference; lastKnownFileType = sourcecode.swift; path = MainView.swift; sourceTree = "<group>"; };
		EAC8D56C297197AE0020C679 /* ProfileView.swift */ = {isa = PBXFileReference; lastKnownFileType = sourcecode.swift; path = ProfileView.swift; sourceTree = "<group>"; };
		EAC8D56F2971A82E0020C679 /* ReusableProfileContent.swift */ = {isa = PBXFileReference; lastKnownFileType = sourcecode.swift; path = ReusableProfileContent.swift; sourceTree = "<group>"; };
		EAD98F2C2973FF9500A62C61 /* ProfileViewModel.swift */ = {isa = PBXFileReference; lastKnownFileType = sourcecode.swift; path = ProfileViewModel.swift; sourceTree = "<group>"; };
		EAD98F2E297406A500A62C61 /* Post.swift */ = {isa = PBXFileReference; lastKnownFileType = sourcecode.swift; path = Post.swift; sourceTree = "<group>"; };
		EAD98F302974072900A62C61 /* CreateNewPost.swift */ = {isa = PBXFileReference; lastKnownFileType = sourcecode.swift; path = CreateNewPost.swift; sourceTree = "<group>"; };
		EAD98F4E29743CD800A62C61 /* PostsView.swift */ = {isa = PBXFileReference; lastKnownFileType = sourcecode.swift; path = PostsView.swift; sourceTree = "<group>"; };
/* End PBXFileReference section */

/* Begin PBXFrameworksBuildPhase section */
		EA14D195297069A5003A4B03 /* Frameworks */ = {
			isa = PBXFrameworksBuildPhase;
			buildActionMask = 2147483647;
			files = (
				EAC8D5782971AA150020C679 /* SDWebImageSwiftUI in Frameworks */,
				EA7D87BC2970901B00EC03DC /* FirebaseDatabase in Frameworks */,
				EA7D87BE2970901B00EC03DC /* FirebaseFirestore in Frameworks */,
				EA7D87B82970901A00EC03DC /* FirebaseAnalytics in Frameworks */,
				EA7D87C02970901B00EC03DC /* FirebaseStorage in Frameworks */,
				EA7D87BA2970901B00EC03DC /* FirebaseAuth in Frameworks */,
				EA7D87C72970A1AA00EC03DC /* FirebaseFirestoreSwift in Frameworks */,
			);
			runOnlyForDeploymentPostprocessing = 0;
		};
/* End PBXFrameworksBuildPhase section */

/* Begin PBXGroup section */
		EA14D18F297069A4003A4B03 = {
			isa = PBXGroup;
			children = (
				EA14D19A297069A5003A4B03 /* Social-Media */,
				EA14D199297069A5003A4B03 /* Products */,
				EA7D87C52970A1AA00EC03DC /* Frameworks */,
			);
			sourceTree = "<group>";
		};
		EA14D199297069A5003A4B03 /* Products */ = {
			isa = PBXGroup;
			children = (
				EA14D198297069A5003A4B03 /* Social-Media.app */,
			);
			name = Products;
			sourceTree = "<group>";
		};
		EA14D19A297069A5003A4B03 /* Social-Media */ = {
			isa = PBXGroup;
			children = (
				EA14D1AF29706C5D003A4B03 /* GoogleService-Info.plist */,
				EA14D19B297069A5003A4B03 /* Social_MediaApp.swift */,
				EA14D19D297069A5003A4B03 /* ContentView.swift */,
				EA14D1A9297069B6003A4B03 /* Model */,
				EA7D87B2297083A000EC03DC /* Extensions */,
				EA7D87AB297082CA00EC03DC /* ViewModel */,
				EA14D1AA297069BC003A4B03 /* View */,
				EA14D19F297069A6003A4B03 /* Assets.xcassets */,
				EA14D1A1297069A6003A4B03 /* Preview Content */,
			);
			path = "Social-Media";
			sourceTree = "<group>";
		};
		EA14D1A1297069A6003A4B03 /* Preview Content */ = {
			isa = PBXGroup;
			children = (
				EA14D1A2297069A6003A4B03 /* Preview Assets.xcassets */,
			);
			path = "Preview Content";
			sourceTree = "<group>";
		};
		EA14D1A9297069B6003A4B03 /* Model */ = {
			isa = PBXGroup;
			children = (
				EA7D87C329709DA700EC03DC /* User.swift */,
				EAD98F2E297406A500A62C61 /* Post.swift */,
			);
			path = Model;
			sourceTree = "<group>";
		};
		EA14D1AA297069BC003A4B03 /* View */ = {
			isa = PBXGroup;
			children = (
				EAC8D56B2971979B0020C679 /* Login */,
				EAC8D56E297197B20020C679 /* Main */,
			);
			path = View;
			sourceTree = "<group>";
		};
		EA7D87AB297082CA00EC03DC /* ViewModel */ = {
			isa = PBXGroup;
			children = (
				EA7D87AE2970830700EC03DC /* LoginViewModel.swift */,
				EA7D87B02970831900EC03DC /* RegisterViewModel.swift */,
				EAD98F2C2973FF9500A62C61 /* ProfileViewModel.swift */,
			);
			path = ViewModel;
			sourceTree = "<group>";
		};
		EA7D87B2297083A000EC03DC /* Extensions */ = {
			isa = PBXGroup;
			children = (
				EA7D87B3297083FC00EC03DC /* Extension+View.swift */,
			);
			path = Extensions;
			sourceTree = "<group>";
		};
		EA7D87C52970A1AA00EC03DC /* Frameworks */ = {
			isa = PBXGroup;
			children = (
			);
			name = Frameworks;
			sourceTree = "<group>";
		};
		EAC8D56B2971979B0020C679 /* Login */ = {
			isa = PBXGroup;
			children = (
				EA14D1AD29706A2F003A4B03 /* LoginView.swift */,
				EA7D87AC297082D900EC03DC /* RegisterView.swift */,
				EA7D87C82970ABD300EC03DC /* LoadingView.swift */,
			);
			path = Login;
			sourceTree = "<group>";
		};
		EAC8D56E297197B20020C679 /* Main */ = {
			isa = PBXGroup;
			children = (
				EAC8D5692971969C0020C679 /* MainView.swift */,
				EAC8D56C297197AE0020C679 /* ProfileView.swift */,
				EAC8D56F2971A82E0020C679 /* ReusableProfileContent.swift */,
				EAD98F4E29743CD800A62C61 /* PostsView.swift */,
				EAD98F302974072900A62C61 /* CreateNewPost.swift */,
			);
			path = Main;
			sourceTree = "<group>";
		};
/* End PBXGroup section */

/* Begin PBXNativeTarget section */
		EA14D197297069A5003A4B03 /* Social-Media */ = {
			isa = PBXNativeTarget;
			buildConfigurationList = EA14D1A6297069A6003A4B03 /* Build configuration list for PBXNativeTarget "Social-Media" */;
			buildPhases = (
				EA14D194297069A5003A4B03 /* Sources */,
				EA14D195297069A5003A4B03 /* Frameworks */,
				EA14D196297069A5003A4B03 /* Resources */,
			);
			buildRules = (
			);
			dependencies = (
			);
			name = "Social-Media";
			packageProductDependencies = (
				EA7D87B72970901A00EC03DC /* FirebaseAnalytics */,
				EA7D87B92970901B00EC03DC /* FirebaseAuth */,
				EA7D87BB2970901B00EC03DC /* FirebaseDatabase */,
				EA7D87BD2970901B00EC03DC /* FirebaseFirestore */,
				EA7D87BF2970901B00EC03DC /* FirebaseStorage */,
				EA7D87C62970A1AA00EC03DC /* FirebaseFirestoreSwift */,
				EAC8D5772971AA150020C679 /* SDWebImageSwiftUI */,
			);
			productName = "Social-Media";
			productReference = EA14D198297069A5003A4B03 /* Social-Media.app */;
			productType = "com.apple.product-type.application";
		};
/* End PBXNativeTarget section */

/* Begin PBXProject section */
		EA14D190297069A4003A4B03 /* Project object */ = {
			isa = PBXProject;
			attributes = {
				BuildIndependentTargetsInParallel = 1;
				LastSwiftUpdateCheck = 1420;
				LastUpgradeCheck = 1420;
				TargetAttributes = {
					EA14D197297069A5003A4B03 = {
						CreatedOnToolsVersion = 14.2;
					};
				};
			};
			buildConfigurationList = EA14D193297069A4003A4B03 /* Build configuration list for PBXProject "Social-Media" */;
			compatibilityVersion = "Xcode 14.0";
			developmentRegion = en;
			hasScannedForEncodings = 0;
			knownRegions = (
				en,
				Base,
			);
			mainGroup = EA14D18F297069A4003A4B03;
			packageReferences = (
				EA7D87B62970901A00EC03DC /* XCRemoteSwiftPackageReference "firebase-ios-sdk" */,
				EAC8D5712971A9780020C679 /* XCRemoteSwiftPackageReference "SDWebImage" */,
				EAC8D5762971AA150020C679 /* XCRemoteSwiftPackageReference "SDWebImageSwiftUI" */,
			);
			productRefGroup = EA14D199297069A5003A4B03 /* Products */;
			projectDirPath = "";
			projectRoot = "";
			targets = (
				EA14D197297069A5003A4B03 /* Social-Media */,
			);
		};
/* End PBXProject section */

/* Begin PBXResourcesBuildPhase section */
		EA14D196297069A5003A4B03 /* Resources */ = {
			isa = PBXResourcesBuildPhase;
			buildActionMask = 2147483647;
			files = (
				EA14D1A3297069A6003A4B03 /* Preview Assets.xcassets in Resources */,
				EA14D1A0297069A6003A4B03 /* Assets.xcassets in Resources */,
				EA14D1B029706C5D003A4B03 /* GoogleService-Info.plist in Resources */,
			);
			runOnlyForDeploymentPostprocessing = 0;
		};
/* End PBXResourcesBuildPhase section */

/* Begin PBXSourcesBuildPhase section */
		EA14D194297069A5003A4B03 /* Sources */ = {
			isa = PBXSourcesBuildPhase;
			buildActionMask = 2147483647;
			files = (
				EA14D1AE29706A2F003A4B03 /* LoginView.swift in Sources */,
				EA7D87B12970831900EC03DC /* RegisterViewModel.swift in Sources */,
				EA7D87AD297082D900EC03DC /* RegisterView.swift in Sources */,
				EAD98F2D2973FF9500A62C61 /* ProfileViewModel.swift in Sources */,
				EAC8D56A2971969C0020C679 /* MainView.swift in Sources */,
				EAD98F2F297406A500A62C61 /* Post.swift in Sources */,
				EA7D87B4297083FC00EC03DC /* Extension+View.swift in Sources */,
				EA7D87C429709DA700EC03DC /* User.swift in Sources */,
				EA14D19E297069A5003A4B03 /* ContentView.swift in Sources */,
				EA7D87AF2970830700EC03DC /* LoginViewModel.swift in Sources */,
				EAD98F312974072A00A62C61 /* CreateNewPost.swift in Sources */,
				EA14D19C297069A5003A4B03 /* Social_MediaApp.swift in Sources */,
				EAC8D56D297197AE0020C679 /* ProfileView.swift in Sources */,
				EAC8D5702971A82E0020C679 /* ReusableProfileContent.swift in Sources */,
				EAD98F4F29743CD800A62C61 /* PostsView.swift in Sources */,
				EA7D87C92970ABD400EC03DC /* LoadingView.swift in Sources */,
			);
			runOnlyForDeploymentPostprocessing = 0;
		};
/* End PBXSourcesBuildPhase section */

/* Begin XCBuildConfiguration section */
		EA14D1A4297069A6003A4B03 /* Debug */ = {
			isa = XCBuildConfiguration;
			buildSettings = {
				ALWAYS_SEARCH_USER_PATHS = NO;
				CLANG_ANALYZER_NONNULL = YES;
				CLANG_ANALYZER_NUMBER_OBJECT_CONVERSION = YES_AGGRESSIVE;
				CLANG_CXX_LANGUAGE_STANDARD = "gnu++20";
				CLANG_ENABLE_MODULES = YES;
				CLANG_ENABLE_OBJC_ARC = YES;
				CLANG_ENABLE_OBJC_WEAK = YES;
				CLANG_WARN_BLOCK_CAPTURE_AUTORELEASING = YES;
				CLANG_WARN_BOOL_CONVERSION = YES;
				CLANG_WARN_COMMA = YES;
				CLANG_WARN_CONSTANT_CONVERSION = YES;
				CLANG_WARN_DEPRECATED_OBJC_IMPLEMENTATIONS = YES;
				CLANG_WARN_DIRECT_OBJC_ISA_USAGE = YES_ERROR;
				CLANG_WARN_DOCUMENTATION_COMMENTS = YES;
				CLANG_WARN_EMPTY_BODY = YES;
				CLANG_WARN_ENUM_CONVERSION = YES;
				CLANG_WARN_INFINITE_RECURSION = YES;
				CLANG_WARN_INT_CONVERSION = YES;
				CLANG_WARN_NON_LITERAL_NULL_CONVERSION = YES;
				CLANG_WARN_OBJC_IMPLICIT_RETAIN_SELF = YES;
				CLANG_WARN_OBJC_LITERAL_CONVERSION = YES;
				CLANG_WARN_OBJC_ROOT_CLASS = YES_ERROR;
				CLANG_WARN_QUOTED_INCLUDE_IN_FRAMEWORK_HEADER = YES;
				CLANG_WARN_RANGE_LOOP_ANALYSIS = YES;
				CLANG_WARN_STRICT_PROTOTYPES = YES;
				CLANG_WARN_SUSPICIOUS_MOVE = YES;
				CLANG_WARN_UNGUARDED_AVAILABILITY = YES_AGGRESSIVE;
				CLANG_WARN_UNREACHABLE_CODE = YES;
				CLANG_WARN__DUPLICATE_METHOD_MATCH = YES;
				COPY_PHASE_STRIP = NO;
				DEBUG_INFORMATION_FORMAT = dwarf;
				ENABLE_STRICT_OBJC_MSGSEND = YES;
				ENABLE_TESTABILITY = YES;
				GCC_C_LANGUAGE_STANDARD = gnu11;
				GCC_DYNAMIC_NO_PIC = NO;
				GCC_NO_COMMON_BLOCKS = YES;
				GCC_OPTIMIZATION_LEVEL = 0;
				GCC_PREPROCESSOR_DEFINITIONS = (
					"DEBUG=1",
					"$(inherited)",
				);
				GCC_WARN_64_TO_32_BIT_CONVERSION = YES;
				GCC_WARN_ABOUT_RETURN_TYPE = YES_ERROR;
				GCC_WARN_UNDECLARED_SELECTOR = YES;
				GCC_WARN_UNINITIALIZED_AUTOS = YES_AGGRESSIVE;
				GCC_WARN_UNUSED_FUNCTION = YES;
				GCC_WARN_UNUSED_VARIABLE = YES;
				IPHONEOS_DEPLOYMENT_TARGET = 16.2;
				MTL_ENABLE_DEBUG_INFO = INCLUDE_SOURCE;
				MTL_FAST_MATH = YES;
				ONLY_ACTIVE_ARCH = YES;
				SDKROOT = iphoneos;
				SWIFT_ACTIVE_COMPILATION_CONDITIONS = DEBUG;
				SWIFT_OPTIMIZATION_LEVEL = "-Onone";
			};
			name = Debug;
		};
		EA14D1A5297069A6003A4B03 /* Release */ = {
			isa = XCBuildConfiguration;
			buildSettings = {
				ALWAYS_SEARCH_USER_PATHS = NO;
				CLANG_ANALYZER_NONNULL = YES;
				CLANG_ANALYZER_NUMBER_OBJECT_CONVERSION = YES_AGGRESSIVE;
				CLANG_CXX_LANGUAGE_STANDARD = "gnu++20";
				CLANG_ENABLE_MODULES = YES;
				CLANG_ENABLE_OBJC_ARC = YES;
				CLANG_ENABLE_OBJC_WEAK = YES;
				CLANG_WARN_BLOCK_CAPTURE_AUTORELEASING = YES;
				CLANG_WARN_BOOL_CONVERSION = YES;
				CLANG_WARN_COMMA = YES;
				CLANG_WARN_CONSTANT_CONVERSION = YES;
				CLANG_WARN_DEPRECATED_OBJC_IMPLEMENTATIONS = YES;
				CLANG_WARN_DIRECT_OBJC_ISA_USAGE = YES_ERROR;
				CLANG_WARN_DOCUMENTATION_COMMENTS = YES;
				CLANG_WARN_EMPTY_BODY = YES;
				CLANG_WARN_ENUM_CONVERSION = YES;
				CLANG_WARN_INFINITE_RECURSION = YES;
				CLANG_WARN_INT_CONVERSION = YES;
				CLANG_WARN_NON_LITERAL_NULL_CONVERSION = YES;
				CLANG_WARN_OBJC_IMPLICIT_RETAIN_SELF = YES;
				CLANG_WARN_OBJC_LITERAL_CONVERSION = YES;
				CLANG_WARN_OBJC_ROOT_CLASS = YES_ERROR;
				CLANG_WARN_QUOTED_INCLUDE_IN_FRAMEWORK_HEADER = YES;
				CLANG_WARN_RANGE_LOOP_ANALYSIS = YES;
				CLANG_WARN_STRICT_PROTOTYPES = YES;
				CLANG_WARN_SUSPICIOUS_MOVE = YES;
				CLANG_WARN_UNGUARDED_AVAILABILITY = YES_AGGRESSIVE;
				CLANG_WARN_UNREACHABLE_CODE = YES;
				CLANG_WARN__DUPLICATE_METHOD_MATCH = YES;
				COPY_PHASE_STRIP = NO;
				DEBUG_INFORMATION_FORMAT = "dwarf-with-dsym";
				ENABLE_NS_ASSERTIONS = NO;
				ENABLE_STRICT_OBJC_MSGSEND = YES;
				GCC_C_LANGUAGE_STANDARD = gnu11;
				GCC_NO_COMMON_BLOCKS = YES;
				GCC_WARN_64_TO_32_BIT_CONVERSION = YES;
				GCC_WARN_ABOUT_RETURN_TYPE = YES_ERROR;
				GCC_WARN_UNDECLARED_SELECTOR = YES;
				GCC_WARN_UNINITIALIZED_AUTOS = YES_AGGRESSIVE;
				GCC_WARN_UNUSED_FUNCTION = YES;
				GCC_WARN_UNUSED_VARIABLE = YES;
				IPHONEOS_DEPLOYMENT_TARGET = 16.2;
				MTL_ENABLE_DEBUG_INFO = NO;
				MTL_FAST_MATH = YES;
				SDKROOT = iphoneos;
				SWIFT_COMPILATION_MODE = wholemodule;
				SWIFT_OPTIMIZATION_LEVEL = "-O";
				VALIDATE_PRODUCT = YES;
			};
			name = Release;
		};
		EA14D1A7297069A6003A4B03 /* Debug */ = {
			isa = XCBuildConfiguration;
			buildSettings = {
				ASSETCATALOG_COMPILER_APPICON_NAME = AppIcon;
				ASSETCATALOG_COMPILER_GLOBAL_ACCENT_COLOR_NAME = AccentColor;
				CODE_SIGN_STYLE = Automatic;
				CURRENT_PROJECT_VERSION = 1;
				DEVELOPMENT_ASSET_PATHS = "\"Social-Media/Preview Content\"";
				ENABLE_PREVIEWS = YES;
				GENERATE_INFOPLIST_FILE = YES;
				INFOPLIST_KEY_CFBundleDisplayName = "Social Media";
				INFOPLIST_KEY_UIApplicationSceneManifest_Generation = YES;
				INFOPLIST_KEY_UIApplicationSupportsIndirectInputEvents = YES;
				INFOPLIST_KEY_UILaunchScreen_Generation = YES;
				INFOPLIST_KEY_UISupportedInterfaceOrientations_iPad = "UIInterfaceOrientationPortrait UIInterfaceOrientationPortraitUpsideDown UIInterfaceOrientationLandscapeLeft UIInterfaceOrientationLandscapeRight";
				INFOPLIST_KEY_UISupportedInterfaceOrientations_iPhone = "UIInterfaceOrientationPortrait UIInterfaceOrientationLandscapeLeft UIInterfaceOrientationLandscapeRight";
				IPHONEOS_DEPLOYMENT_TARGET = 16.0;
				LD_RUNPATH_SEARCH_PATHS = (
					"$(inherited)",
					"@executable_path/Frameworks",
				);
				MARKETING_VERSION = 1.0;
				PRODUCT_BUNDLE_IDENTIFIER = "khaled2024.Social-Media";
				PRODUCT_NAME = "$(TARGET_NAME)";
				SWIFT_EMIT_LOC_STRINGS = YES;
				SWIFT_VERSION = 5.0;
				TARGETED_DEVICE_FAMILY = "1,2";
			};
			name = Debug;
		};
		EA14D1A8297069A6003A4B03 /* Release */ = {
			isa = XCBuildConfiguration;
			buildSettings = {
				ASSETCATALOG_COMPILER_APPICON_NAME = AppIcon;
				ASSETCATALOG_COMPILER_GLOBAL_ACCENT_COLOR_NAME = AccentColor;
				CODE_SIGN_STYLE = Automatic;
				CURRENT_PROJECT_VERSION = 1;
				DEVELOPMENT_ASSET_PATHS = "\"Social-Media/Preview Content\"";
				ENABLE_PREVIEWS = YES;
				GENERATE_INFOPLIST_FILE = YES;
				INFOPLIST_KEY_CFBundleDisplayName = "Social Media";
				INFOPLIST_KEY_UIApplicationSceneManifest_Generation = YES;
				INFOPLIST_KEY_UIApplicationSupportsIndirectInputEvents = YES;
				INFOPLIST_KEY_UILaunchScreen_Generation = YES;
				INFOPLIST_KEY_UISupportedInterfaceOrientations_iPad = "UIInterfaceOrientationPortrait UIInterfaceOrientationPortraitUpsideDown UIInterfaceOrientationLandscapeLeft UIInterfaceOrientationLandscapeRight";
				INFOPLIST_KEY_UISupportedInterfaceOrientations_iPhone = "UIInterfaceOrientationPortrait UIInterfaceOrientationLandscapeLeft UIInterfaceOrientationLandscapeRight";
				IPHONEOS_DEPLOYMENT_TARGET = 16.0;
				LD_RUNPATH_SEARCH_PATHS = (
					"$(inherited)",
					"@executable_path/Frameworks",
				);
				MARKETING_VERSION = 1.0;
				PRODUCT_BUNDLE_IDENTIFIER = "khaled2024.Social-Media";
				PRODUCT_NAME = "$(TARGET_NAME)";
				SWIFT_EMIT_LOC_STRINGS = YES;
				SWIFT_VERSION = 5.0;
				TARGETED_DEVICE_FAMILY = "1,2";
			};
			name = Release;
		};
/* End XCBuildConfiguration section */

/* Begin XCConfigurationList section */
		EA14D193297069A4003A4B03 /* Build configuration list for PBXProject "Social-Media" */ = {
			isa = XCConfigurationList;
			buildConfigurations = (
				EA14D1A4297069A6003A4B03 /* Debug */,
				EA14D1A5297069A6003A4B03 /* Release */,
			);
			defaultConfigurationIsVisible = 0;
			defaultConfigurationName = Release;
		};
		EA14D1A6297069A6003A4B03 /* Build configuration list for PBXNativeTarget "Social-Media" */ = {
			isa = XCConfigurationList;
			buildConfigurations = (
				EA14D1A7297069A6003A4B03 /* Debug */,
				EA14D1A8297069A6003A4B03 /* Release */,
			);
			defaultConfigurationIsVisible = 0;
			defaultConfigurationName = Release;
		};
/* End XCConfigurationList section */

/* Begin XCRemoteSwiftPackageReference section */
		EA7D87B62970901A00EC03DC /* XCRemoteSwiftPackageReference "firebase-ios-sdk" */ = {
			isa = XCRemoteSwiftPackageReference;
			repositoryURL = "https://github.com/firebase/firebase-ios-sdk.git";
			requirement = {
				kind = upToNextMajorVersion;
				minimumVersion = 9.0.0;
			};
		};
		EAC8D5712971A9780020C679 /* XCRemoteSwiftPackageReference "SDWebImage" */ = {
			isa = XCRemoteSwiftPackageReference;
			repositoryURL = "https://github.com/SDWebImage/SDWebImage.git";
			requirement = {
				kind = upToNextMajorVersion;
				minimumVersion = 5.0.0;
			};
		};
		EAC8D5762971AA150020C679 /* XCRemoteSwiftPackageReference "SDWebImageSwiftUI" */ = {
			isa = XCRemoteSwiftPackageReference;
			repositoryURL = "https://github.com/SDWebImage/SDWebImageSwiftUI.git";
			requirement = {
				kind = upToNextMajorVersion;
				minimumVersion = 2.0.0;
			};
		};
/* End XCRemoteSwiftPackageReference section */

/* Begin XCSwiftPackageProductDependency section */
		EA7D87B72970901A00EC03DC /* FirebaseAnalytics */ = {
			isa = XCSwiftPackageProductDependency;
			package = EA7D87B62970901A00EC03DC /* XCRemoteSwiftPackageReference "firebase-ios-sdk" */;
			productName = FirebaseAnalytics;
		};
		EA7D87B92970901B00EC03DC /* FirebaseAuth */ = {
			isa = XCSwiftPackageProductDependency;
			package = EA7D87B62970901A00EC03DC /* XCRemoteSwiftPackageReference "firebase-ios-sdk" */;
			productName = FirebaseAuth;
		};
		EA7D87BB2970901B00EC03DC /* FirebaseDatabase */ = {
			isa = XCSwiftPackageProductDependency;
			package = EA7D87B62970901A00EC03DC /* XCRemoteSwiftPackageReference "firebase-ios-sdk" */;
			productName = FirebaseDatabase;
		};
		EA7D87BD2970901B00EC03DC /* FirebaseFirestore */ = {
			isa = XCSwiftPackageProductDependency;
			package = EA7D87B62970901A00EC03DC /* XCRemoteSwiftPackageReference "firebase-ios-sdk" */;
			productName = FirebaseFirestore;
		};
		EA7D87BF2970901B00EC03DC /* FirebaseStorage */ = {
			isa = XCSwiftPackageProductDependency;
			package = EA7D87B62970901A00EC03DC /* XCRemoteSwiftPackageReference "firebase-ios-sdk" */;
			productName = FirebaseStorage;
		};
		EA7D87C62970A1AA00EC03DC /* FirebaseFirestoreSwift */ = {
			isa = XCSwiftPackageProductDependency;
			package = EA7D87B62970901A00EC03DC /* XCRemoteSwiftPackageReference "firebase-ios-sdk" */;
			productName = FirebaseFirestoreSwift;
		};
		EAC8D5772971AA150020C679 /* SDWebImageSwiftUI */ = {
			isa = XCSwiftPackageProductDependency;
			package = EAC8D5762971AA150020C679 /* XCRemoteSwiftPackageReference "SDWebImageSwiftUI" */;
			productName = SDWebImageSwiftUI;
		};
/* End XCSwiftPackageProductDependency section */
	};
	rootObject = EA14D190297069A4003A4B03 /* Project object */;
}
